<?xml version="1.0" encoding="UTF-8" standalone="yes" ?>
<CodeBlocks_project_file>
	<FileVersion major="1" minor="6" />
	<Project>
		<Option title="wxMaxima" />
		<Option pch_mode="2" />
		<Option compiler="gcc" />
		<Build>
			<Target title="Debug">
				<Option output="bin/Debug/wxMaxima" prefix_auto="1" extension_auto="1" />
				<Option object_output="obj/Debug/" />
				<Option type="0" />
				<Option compiler="gcc" />
				<Option projectLinkerOptionsRelation="2" />
				<Compiler>
					<Add option="-g" />
					<Add directory="C:/wxWidgets-3.1.1/lib/gcc_lib/mswu" />
				</Compiler>
				<ResourceCompiler>
					<Add directory="C:/wxWidgets-3.1.1/lib/gcc_lib/mswu" />
				</ResourceCompiler>
				<Linker>
					<Add library="libwxmsw31u_richtext.a" />
					<Add library="libwxmsw31u_xrc.a" />
					<Add library="libwxmsw31u_aui.a" />
					<Add library="libwxmsw31u_media.a" />
					<Add library="libwxbase31u_net.a" />
					<Add library="libwxbase31u_xml.a" />
					<Add library="libwxmsw31u_adv.a" />
					<Add library="libwxmsw31u_html.a" />
					<Add library="libwxmsw31u_core.a" />
					<Add library="libwxbase31u.a" />
					<Add library="libwxpng.a" />
					<Add library="libwxjpeg.a" />
					<Add library="libwxtiff.a" />
					<Add library="libwxzlib.a" />
					<Add library="libwxregexu.a" />
					<Add library="libwxexpat.a" />
					<Add directory="C:/wxWidgets-3.1.1/lib/gcc_lib" />
				</Linker>
			</Target>
			<Target title="Release">
				<Option output="bin/Release/wxMaxima" prefix_auto="1" extension_auto="1" />
				<Option object_output="obj/Release/" />
				<Option type="0" />
				<Option compiler="gcc" />
				<Option projectLinkerOptionsRelation="2" />
				<Compiler>
					<Add option="-O2" />
					<Add directory="C:/wxWidgets-3.1.1/lib/gcc_lib/mswu" />
				</Compiler>
				<ResourceCompiler>
					<Add directory="C:/wxWidgets-3.1.1/lib/gcc_lib/mswu" />
				</ResourceCompiler>
				<Linker>
					<Add option="-s" />
					<Add library="libwxmsw31u_richtext.a" />
					<Add library="libwxbase31u_xml.a" />
					<Add library="libwxmsw31u_adv.a" />
					<Add library="libwxmsw31u_html.a" />
					<Add library="libwxmsw31u_core.a" />
					<Add library="libwxbase31u.a" />
					<Add library="libwxpng.a" />
					<Add library="libwxzlib.a" />
					<Add directory="C:/wxWidgets-3.1.1/lib/gcc_lib" />
				</Linker>
			</Target>
		</Build>
		<Compiler>
			<Add option="-pipe" />
			<Add option="-mthreads" />
			<Add option="-D__GNUWIN32__" />
			<Add option="-D__WXMSW__" />
			<Add option="-DwxUSE_UNICODE" />
			<Add option="-Wall" />
			<Add directory="C:/wxWidgets-3.1.1/include" />
		</Compiler>
		<ResourceCompiler>
			<Add directory="C:/wxWidgets-3.1.1/include" />
		</ResourceCompiler>
		<Linker>
			<Add option="-mthreads" />
			<Add library="libkernel32.a" />
			<Add library="libuser32.a" />
			<Add library="libgdi32.a" />
			<Add library="libwinspool.a" />
			<Add library="libcomdlg32.a" />
			<Add library="libadvapi32.a" />
			<Add library="libshell32.a" />
			<Add library="libole32.a" />
			<Add library="liboleaut32.a" />
			<Add library="libuuid.a" />
			<Add library="libcomctl32.a" />
			<Add library="libwsock32.a" />
			<Add library="libodbc32.a" />
			<Add library="libshlwapi.a" />
			<Add library="libversion.a" />
		</Linker>
		<Unit filename="src/AbsCell.cpp" />
		<Unit filename="src/AbsCell.h" />
		<Unit filename="src/ActualValuesStorageWiz.cpp" />
		<Unit filename="src/ActualValuesStorageWiz.h" />
		<Unit filename="src/AtCell.cpp" />
		<Unit filename="src/AtCell.h" />
		<Unit filename="src/Autocomplete.cpp" />
		<Unit filename="src/Autocomplete.h" />
		<Unit filename="src/AutocompletePopup.cpp" />
		<Unit filename="src/AutocompletePopup.h" />
		<Unit filename="src/BC2Wiz.cpp" />
		<Unit filename="src/BC2Wiz.h" />
		<Unit filename="src/BTextCtrl.cpp" />
		<Unit filename="src/BTextCtrl.h" />
		<Unit filename="src/Bitmap.cpp" />
		<Unit filename="src/Bitmap.h" />
		<Unit filename="src/ConfigDialogue.cpp" />
		<Unit filename="src/ConfigDialogue.h" />
		<Unit filename="src/Configuration.cpp" />
		<Unit filename="src/Configuration.h" />
		<Unit filename="src/ConjugateCell.cpp" />
		<Unit filename="src/ConjugateCell.h" />
		<Unit filename="src/DiffCell.cpp" />
		<Unit filename="src/DiffCell.h" />
		<Unit filename="src/Dirstructure.cpp" />
		<Unit filename="src/Dirstructure.h" />
		<Unit filename="src/DrawWiz.cpp" />
		<Unit filename="src/DrawWiz.h" />
		<Unit filename="src/EMFout.cpp" />
		<Unit filename="src/EMFout.h" />
		<Unit filename="src/EditorCell.cpp" />
		<Unit filename="src/EditorCell.h" />
		<Unit filename="src/EvaluationQueue.cpp" />
		<Unit filename="src/EvaluationQueue.h" />
		<Unit filename="src/ExptCell.cpp" />
		<Unit filename="src/ExptCell.h" />
		<Unit filename="src/FindReplaceDialog.cpp" />
		<Unit filename="src/FindReplaceDialog.h" />
		<Unit filename="src/FindReplacePane.cpp" />
		<Unit filename="src/FindReplacePane.h" />
		<Unit filename="src/FracCell.cpp" />
		<Unit filename="src/FracCell.h" />
		<Unit filename="src/FunCell.cpp" />
		<Unit filename="src/FunCell.h" />
		<Unit filename="src/Gen1Wiz.cpp" />
		<Unit filename="src/Gen1Wiz.h" />
		<Unit filename="src/Gen2Wiz.cpp" />
		<Unit filename="src/Gen2Wiz.h" />
		<Unit filename="src/Gen3Wiz.cpp" />
		<Unit filename="src/Gen3Wiz.h" />
		<Unit filename="src/Gen4Wiz.cpp" />
		<Unit filename="src/Gen4Wiz.h" />
		<Unit filename="src/Gen5Wiz.cpp" />
		<Unit filename="src/Gen5Wiz.h" />
		<Unit filename="src/GroupCell.cpp" />
		<Unit filename="src/GroupCell.h" />
		<Unit filename="src/History.cpp" />
		<Unit filename="src/History.h" />
		<Unit filename="src/Image.cpp" />
		<Unit filename="src/Image.h" />
		<Unit filename="src/ImgCell.cpp" />
		<Unit filename="src/ImgCell.h" />
		<Unit filename="src/IntCell.cpp" />
		<Unit filename="src/IntCell.h" />
		<Unit filename="src/IntegrateWiz.cpp" />
		<Unit filename="src/IntegrateWiz.h" />
		<Unit filename="src/LimitCell.cpp" />
		<Unit filename="src/LimitCell.h" />
		<Unit filename="src/LimitWiz.cpp" />
		<Unit filename="src/LimitWiz.h" />
		<Unit filename="src/ListSortWiz.cpp" />
		<Unit filename="src/ListSortWiz.h" />
		<Unit filename="src/MarkDown.cpp" />
		<Unit filename="src/MarkDown.h" />
		<Unit filename="src/MatWiz.cpp" />
		<Unit filename="src/MatWiz.h" />
		<Unit filename="src/MathCell.cpp" />
		<Unit filename="src/MathCell.h" />
		<Unit filename="src/MathCtrl.cpp" />
		<Unit filename="src/MathCtrl.h" />
		<Unit filename="src/MathParser.cpp" />
		<Unit filename="src/MathParser.h" />
		<Unit filename="src/MathPrintout.cpp" />
		<Unit filename="src/MathPrintout.h" />
		<Unit filename="src/MatrCell.cpp" />
		<Unit filename="src/MatrCell.h" />
		<Unit filename="src/MaxSizeChooser.cpp" />
		<Unit filename="src/MaxSizeChooser.h" />
		<Unit filename="src/Notification.cpp" />
		<Unit filename="src/Notification.h" />
		<Unit filename="src/ParenCell.cpp" />
		<Unit filename="src/ParenCell.h" />
		<Unit filename="src/Plot2dWiz.cpp" />
		<Unit filename="src/Plot2dWiz.h" />
		<Unit filename="src/Plot3dWiz.cpp" />
		<Unit filename="src/Plot3dWiz.h" />
		<Unit filename="src/PlotFormatWiz.cpp" />
		<Unit filename="src/PlotFormatWiz.h" />
		<Unit filename="src/RecentDocuments.cpp" />
		<Unit filename="src/RecentDocuments.h" />
		<Unit filename="src/Resources.rc">
			<Option compilerVar="WINDRES" />
		</Unit>
		<Unit filename="src/SVGout.cpp" />
		<Unit filename="src/SVGout.h" />
		<Unit filename="src/SeriesWiz.cpp" />
		<Unit filename="src/SeriesWiz.h" />
		<Unit filename="src/Setup.h" />
		<Unit filename="src/SlideShowCell.cpp" />
		<Unit filename="src/SlideShowCell.h" />
		<Unit filename="src/SqrtCell.cpp" />
		<Unit filename="src/SqrtCell.h" />
		<Unit filename="src/StatusBar.cpp" />
		<Unit filename="src/StatusBar.h" />
		<Unit filename="src/SubCell.cpp" />
		<Unit filename="src/SubCell.h" />
		<Unit filename="src/SubSupCell.cpp" />
		<Unit filename="src/SubSupCell.h" />
		<Unit filename="src/SubstituteWiz.cpp" />
		<Unit filename="src/SubstituteWiz.h" />
		<Unit filename="src/SumCell.cpp" />
		<Unit filename="src/SumCell.h" />
		<Unit filename="src/SumWiz.cpp" />
		<Unit filename="src/SumWiz.h" />
		<Unit filename="src/SystemWiz.cpp" />
		<Unit filename="src/SystemWiz.h" />
		<Unit filename="src/TableOfContents.cpp" />
		<Unit filename="src/TableOfContents.h" />
		<Unit filename="src/TextCell.cpp" />
		<Unit filename="src/TextCell.h" />
		<Unit filename="src/TextStyle.h" />
		<Unit filename="src/TipOfTheDay.cpp" />
		<Unit filename="src/TipOfTheDay.h" />
		<Unit filename="src/ToolBar.cpp" />
		<Unit filename="src/ToolBar.h" />
		<Unit filename="src/XmlInspector.cpp" />
		<Unit filename="src/XmlInspector.h" />
		<Unit filename="src/invalidImage.h" />
		<Unit filename="src/main.cpp" />
		<Unit filename="src/wxMaxima.cpp" />
		<Unit filename="src/wxMaxima.h" />
		<Unit filename="src/wxMaximaFrame.cpp" />
		<Unit filename="src/wxMaximaFrame.h" />
		<Unit filename="src/wxMaximaIcon.cpp" />
		<Unit filename="src/wxMaximaIcon.h" />
		<Extensions>
			<code_completion />
			<envvars />
			<debugger />
		</Extensions>
	</Project>
</CodeBlocks_project_file>
